
Microsoft Visual Studio Solution File, Format Version 12.00
# Visual Studio Version 16
VisualStudioVersion = 16.0.30406.217
MinimumVisualStudioVersion = 10.0.40219.1
Project("{9A19103F-16F7-4668-BE54-9A1E7A4F7556}") = "WeatherApp.Domain", "WeatherApp.Domain\WeatherApp.Domain.csproj", "{9EE70FC3-0EB7-4327-ADAC-DA6A67F6F637}"
EndProject
Project("{9A19103F-16F7-4668-BE54-9A1E7A4F7556}") = "WeatherService", "WeatherService\WeatherService.csproj", "{1F782378-93D0-4C53-96B9-45210B8CF564}"
EndProject
Project("{9A19103F-16F7-4668-BE54-9A1E7A4F7556}") = "WeatherApp.BusinessLogic", "WeatherApp.BusinessLogic\WeatherApp.BusinessLogic.csproj", "{2FA7DD30-A23D-44FC-9465-3A5273A43FC6}"
EndProject
Global
	GlobalSection(SolutionConfigurationPlatforms) = preSolution
		Debug|Any CPU = Debug|Any CPU
		Release|Any CPU = Release|Any CPU
	EndGlobalSection
	GlobalSection(ProjectConfigurationPlatforms) = postSolution
		{9EE70FC3-0EB7-4327-ADAC-DA6A67F6F637}.Debug|Any CPU.ActiveCfg = Debug|Any CPU
		{9EE70FC3-0EB7-4327-ADAC-DA6A67F6F637}.Debug|Any CPU.Build.0 = Debug|Any CPU
		{9EE70FC3-0EB7-4327-ADAC-DA6A67F6F637}.Release|Any CPU.ActiveCfg = Release|Any CPU
		{9EE70FC3-0EB7-4327-ADAC-DA6A67F6F637}.Release|Any CPU.Build.0 = Release|Any CPU
		{1F782378-93D0-4C53-96B9-45210B8CF564}.Debug|Any CPU.ActiveCfg = Debug|Any CPU
		{1F782378-93D0-4C53-96B9-45210B8CF564}.Debug|Any CPU.Build.0 = Debug|Any CPU
		{1F782378-93D0-4C53-96B9-45210B8CF564}.Release|Any CPU.ActiveCfg = Release|Any CPU
		{1F782378-93D0-4C53-96B9-45210B8CF564}.Release|Any CPU.Build.0 = Release|Any CPU
		{2FA7DD30-A23D-44FC-9465-3A5273A43FC6}.Debug|Any CPU.ActiveCfg = Debug|Any CPU
		{2FA7DD30-A23D-44FC-9465-3A5273A43FC6}.Debug|Any CPU.Build.0 = Debug|Any CPU
		{2FA7DD30-A23D-44FC-9465-3A5273A43FC6}.Release|Any CPU.ActiveCfg = Release|Any CPU
		{2FA7DD30-A23D-44FC-9465-3A5273A43FC6}.Release|Any CPU.Build.0 = Release|Any CPU
	EndGlobalSection
	GlobalSection(SolutionProperties) = preSolution
		HideSolutionNode = FALSE
	EndGlobalSection
	GlobalSection(ExtensibilityGlobals) = postSolution
		SolutionGuid = {CAA857D5-29E8-4FBA-847A-5402ED01D162}
	EndGlobalSection
EndGlobal
