
Microsoft Visual Studio Solution File, Format Version 12.00
# Visual Studio 15
VisualStudioVersion = 15.0.28307.1209
MinimumVisualStudioVersion = 10.0.40219.1
Project("{FAE04EC0-301F-11D3-BF4B-00C04F79EFBC}") = "WeatherService", "WeatherService\WeatherService.csproj", "{4E69501A-3BF4-4378-8621-E774F9F985E3}"
EndProject
Global
	GlobalSection(SolutionConfigurationPlatforms) = preSolution
		Debug|Any CPU = Debug|Any CPU
		Release|Any CPU = Release|Any CPU
	EndGlobalSection
	GlobalSection(ProjectConfigurationPlatforms) = postSolution
		{4E69501A-3BF4-4378-8621-E774F9F985E3}.Debug|Any CPU.ActiveCfg = Debug|Any CPU
		{4E69501A-3BF4-4378-8621-E774F9F985E3}.Debug|Any CPU.Build.0 = Debug|Any CPU
		{4E69501A-3BF4-4378-8621-E774F9F985E3}.Release|Any CPU.ActiveCfg = Release|Any CPU
		{4E69501A-3BF4-4378-8621-E774F9F985E3}.Release|Any CPU.Build.0 = Release|Any CPU
	EndGlobalSection
	GlobalSection(SolutionProperties) = preSolution
		HideSolutionNode = FALSE
	EndGlobalSection
	GlobalSection(ExtensibilityGlobals) = postSolution
		SolutionGuid = {CAA857D5-29E8-4FBA-847A-5402ED01D162}
	EndGlobalSection
EndGlobal
